{
  "version": 4,
  "terraform_version": "1.6.4",
  "serial": 16,
  "lineage": "e558bd95-b394-3c58-64e7-0ac7e702753a",
  "outputs": {},
  "resources": [
    {
      "mode": "data",
      "type": "google_firebase_web_app_config",
      "name": "example",
      "provider": "provider[\"registry.terraform.io/hashicorp/google-beta\"]",
      "instances": [
        {
          "schema_version": 0,
          "attributes": {
            "api_key": "AIzaSyDwlDnuT0FS0Y8XIMotGzN_LOE7bsvwoew",
            "auth_domain": "notebook-ai-app-33187.firebaseapp.com",
            "database_url": "",
            "id": "1:582872056632:web:55c5eb058743cb446c77cd",
            "location_id": "",
            "measurement_id": "",
            "messaging_sender_id": "582872056632",
            "project": "notebook-ai-app-33187",
            "storage_bucket": "notebook-ai-app-33187.firebasestorage.app",
            "web_app_id": "1:582872056632:web:55c5eb058743cb446c77cd"
          },
          "sensitive_attributes": []
        }
      ]
    },
    {
      "mode": "data",
      "type": "google_project",
      "name": "project",
      "provider": "provider[\"registry.terraform.io/hashicorp/google-beta\"]",
      "instances": [
        {
          "schema_version": 0,
          "attributes": {
            "auto_create_network": null,
            "billing_account": null,
            "deletion_policy": "DELETE",
            "effective_labels": {
              "firebase": "enabled",
              "firebase-core": "disabled"
            },
            "folder_id": null,
            "id": "projects/notebook-ai-app-33187",
            "labels": {
              "firebase": "enabled",
              "firebase-core": "disabled"
            },
            "name": "NOTEBOOK AI App",
            "number": "582872056632",
            "org_id": null,
            "project_id": "notebook-ai-app-33187",
            "skip_delete": null,
            "terraform_labels": {
              "firebase": "enabled",
              "firebase-core": "disabled"
            }
          },
          "sensitive_attributes": []
        }
      ]
    },
    {
      "mode": "managed",
      "type": "google_apikeys_key",
      "name": "generativelanguage",
      "provider": "provider[\"registry.terraform.io/hashicorp/google-beta\"]",
      "instances": [
        {
          "schema_version": 0,
          "attributes": {
            "display_name": "Gemini API Key",
            "id": "projects/notebook-ai-app-33187/locations/global/keys/gemini-api-key",
            "key_string": "AIzaSyDLGZPm0-mrOKah2wtZ3dxx7lfxuIDL2oM",
            "name": "gemini-api-key",
            "project": "notebook-ai-app-33187",
            "restrictions": [
              {
                "android_key_restrictions": [],
                "api_targets": [
                  {
                    "methods": null,
                    "service": "generativelanguage.googleapis.com"
                  }
                ],
                "browser_key_restrictions": [
                  {
                    "allowed_referrers": [
                      "*"
                    ]
                  }
                ],
                "ios_key_restrictions": [],
                "server_key_restrictions": []
              }
            ],
            "timeouts": null,
            "uid": "90e318e1-a710-46fa-9290-faee4a7fd409"
          },
          "sensitive_attributes": [],
          "private": "eyJlMmJmYjczMC1lY2FhLTExZTYtOGY4OC0zNDM2M2JjN2M0YzAiOnsiY3JlYXRlIjoxMjAwMDAwMDAwMDAwLCJkZWxldGUiOjEyMDAwMDAwMDAwMDAsInVwZGF0ZSI6MTIwMDAwMDAwMDAwMH19",
          "dependencies": [
            "google_project_service.services"
          ]
        }
      ]
    },
    {
      "mode": "managed",
      "type": "google_firebase_web_app",
      "name": "example",
      "provider": "provider[\"registry.terraform.io/hashicorp/google-beta\"]",
      "instances": [
        {
          "schema_version": 0,
          "attributes": {
            "api_key_id": "da38d844-bba0-4d0f-81e7-69a4b4e08202",
            "app_id": "1:582872056632:web:55c5eb058743cb446c77cd",
            "app_urls": [],
            "deletion_policy": "DELETE",
            "display_name": "Make It So AI!",
            "id": "projects/notebook-ai-app-33187/webApps/1:582872056632:web:55c5eb058743cb446c77cd",
            "name": "projects/notebook-ai-app-33187/webApps/1:582872056632:web:55c5eb058743cb446c77cd",
            "project": "notebook-ai-app-33187",
            "timeouts": null
          },
          "sensitive_attributes": [],
          "private": "eyJlMmJmYjczMC1lY2FhLTExZTYtOGY4OC0zNDM2M2JjN2M0YzAiOnsiY3JlYXRlIjoxMjAwMDAwMDAwMDAwLCJkZWxldGUiOjEyMDAwMDAwMDAwMDAsInVwZGF0ZSI6MTIwMDAwMDAwMDAwMH19"
        }
      ]
    },
    {
      "mode": "managed",
      "type": "google_firebaserules_release",
      "name": "firestore",
      "provider": "provider[\"registry.terraform.io/hashicorp/google-beta\"]",
      "instances": [
        {
          "schema_version": 0,
          "attributes": {
            "create_time": "2025-05-04T05:43:03.260102Z",
            "disabled": false,
            "id": "projects/notebook-ai-app-33187/releases/cloud.firestore",
            "name": "cloud.firestore",
            "project": "notebook-ai-app-33187",
            "ruleset_name": "5c431f15-0670-47fd-98d6-e79ef8bd4f0c",
            "timeouts": null,
            "update_time": "2025-05-04T05:43:03.260102Z"
          },
          "sensitive_attributes": [],
          "private": "eyJlMmJmYjczMC1lY2FhLTExZTYtOGY4OC0zNDM2M2JjN2M0YzAiOnsiY3JlYXRlIjoxMjAwMDAwMDAwMDAwLCJkZWxldGUiOjEyMDAwMDAwMDAwMDB9fQ==",
          "dependencies": [
            "google_firebaserules_ruleset.firestore",
            "google_firestore_database.database",
            "google_project_service.services",
            "local_file.firestore_rules"
          ]
        }
      ]
    },
    {
      "mode": "managed",
      "type": "google_firebaserules_ruleset",
      "name": "firestore",
      "provider": "provider[\"registry.terraform.io/hashicorp/google-beta\"]",
      "instances": [
        {
          "schema_version": 0,
          "attributes": {
            "create_time": "2025-05-04T05:43:00.280439Z",
            "id": "projects/notebook-ai-app-33187/rulesets/5c431f15-0670-47fd-98d6-e79ef8bd4f0c",
            "metadata": [
              {
                "services": [
                  "cloud.firestore"
                ]
              }
            ],
            "name": "5c431f15-0670-47fd-98d6-e79ef8bd4f0c",
            "project": "notebook-ai-app-33187",
            "source": [
              {
                "files": [
                  {
                    "content": "service cloud.firestore {\n  match /databases/{database}/documents/{document=**} {\n    allow read, write: if request.auth != null \u0026\u0026 request.time \u003c timestamp.date(2025, 6, 3);\n  }\n}\n",
                    "fingerprint": "",
                    "name": "firestore.rules"
                  }
                ],
                "language": ""
              }
            ],
            "timeouts": null
          },
          "sensitive_attributes": [],
          "private": "eyJlMmJmYjczMC1lY2FhLTExZTYtOGY4OC0zNDM2M2JjN2M0YzAiOnsiY3JlYXRlIjoxMjAwMDAwMDAwMDAwLCJkZWxldGUiOjEyMDAwMDAwMDAwMDB9fQ==",
          "dependencies": [
            "google_firestore_database.database",
            "google_project_service.services",
            "local_file.firestore_rules"
          ]
        }
      ]
    },
    {
      "mode": "managed",
      "type": "google_firestore_database",
      "name": "database",
      "provider": "provider[\"registry.terraform.io/hashicorp/google-beta\"]",
      "instances": [
        {
          "schema_version": 0,
          "attributes": {
            "app_engine_integration_mode": "DISABLED",
            "cmek_config": [],
            "concurrency_mode": "PESSIMISTIC",
            "create_time": "",
            "delete_protection_state": "DELETE_PROTECTION_DISABLED",
            "deletion_policy": "ABANDON",
            "earliest_version_time": "2025-05-04T05:42:47.743779Z",
            "etag": "IK7Go9mNiY0DMKO62dONiY0D",
            "id": "projects/notebook-ai-app-33187/databases/(default)",
            "key_prefix": "",
            "location_id": "nam5",
            "name": "(default)",
            "point_in_time_recovery_enablement": "POINT_IN_TIME_RECOVERY_DISABLED",
            "project": "notebook-ai-app-33187",
            "timeouts": null,
            "type": "FIRESTORE_NATIVE",
            "uid": "5e61c7eb-76c9-47e5-b46c-eae320387ea1",
            "update_time": "",
            "version_retention_period": "3600s"
          },
          "sensitive_attributes": [],
          "private": "eyJlMmJmYjczMC1lY2FhLTExZTYtOGY4OC0zNDM2M2JjN2M0YzAiOnsiY3JlYXRlIjoxMjAwMDAwMDAwMDAwLCJkZWxldGUiOjEyMDAwMDAwMDAwMDAsInVwZGF0ZSI6MTIwMDAwMDAwMDAwMH19",
          "dependencies": [
            "google_project_service.services"
          ]
        }
      ]
    },
    {
      "mode": "managed",
      "type": "google_project_service",
      "name": "services",
      "provider": "provider[\"registry.terraform.io/hashicorp/google-beta\"]",
      "instances": [
        {
          "index_key": "apikeys.googleapis.com",
          "schema_version": 0,
          "attributes": {
            "check_if_service_has_usage_on_destroy": false,
            "disable_dependent_services": null,
            "disable_on_destroy": false,
            "id": "notebook-ai-app-33187/apikeys.googleapis.com",
            "project": "notebook-ai-app-33187",
            "service": "apikeys.googleapis.com",
            "timeouts": null
          },
          "sensitive_attributes": [],
          "private": "eyJlMmJmYjczMC1lY2FhLTExZTYtOGY4OC0zNDM2M2JjN2M0YzAiOnsiY3JlYXRlIjoxMjAwMDAwMDAwMDAwLCJkZWxldGUiOjEyMDAwMDAwMDAwMDAsInJlYWQiOjYwMDAwMDAwMDAwMCwidXBkYXRlIjoxMjAwMDAwMDAwMDAwfX0="
        },
        {
          "index_key": "firebaserules.googleapis.com",
          "schema_version": 0,
          "attributes": {
            "check_if_service_has_usage_on_destroy": false,
            "disable_dependent_services": null,
            "disable_on_destroy": false,
            "id": "notebook-ai-app-33187/firebaserules.googleapis.com",
            "project": "notebook-ai-app-33187",
            "service": "firebaserules.googleapis.com",
            "timeouts": null
          },
          "sensitive_attributes": [],
          "private": "eyJlMmJmYjczMC1lY2FhLTExZTYtOGY4OC0zNDM2M2JjN2M0YzAiOnsiY3JlYXRlIjoxMjAwMDAwMDAwMDAwLCJkZWxldGUiOjEyMDAwMDAwMDAwMDAsInJlYWQiOjYwMDAwMDAwMDAwMCwidXBkYXRlIjoxMjAwMDAwMDAwMDAwfX0="
        },
        {
          "index_key": "firestore.googleapis.com",
          "schema_version": 0,
          "attributes": {
            "check_if_service_has_usage_on_destroy": false,
            "disable_dependent_services": null,
            "disable_on_destroy": false,
            "id": "notebook-ai-app-33187/firestore.googleapis.com",
            "project": "notebook-ai-app-33187",
            "service": "firestore.googleapis.com",
            "timeouts": null
          },
          "sensitive_attributes": [],
          "private": "eyJlMmJmYjczMC1lY2FhLTExZTYtOGY4OC0zNDM2M2JjN2M0YzAiOnsiY3JlYXRlIjoxMjAwMDAwMDAwMDAwLCJkZWxldGUiOjEyMDAwMDAwMDAwMDAsInJlYWQiOjYwMDAwMDAwMDAwMCwidXBkYXRlIjoxMjAwMDAwMDAwMDAwfX0="
        },
        {
          "index_key": "generativelanguage.googleapis.com",
          "schema_version": 0,
          "attributes": {
            "check_if_service_has_usage_on_destroy": false,
            "disable_dependent_services": null,
            "disable_on_destroy": false,
            "id": "notebook-ai-app-33187/generativelanguage.googleapis.com",
            "project": "notebook-ai-app-33187",
            "service": "generativelanguage.googleapis.com",
            "timeouts": null
          },
          "sensitive_attributes": [],
          "private": "eyJlMmJmYjczMC1lY2FhLTExZTYtOGY4OC0zNDM2M2JjN2M0YzAiOnsiY3JlYXRlIjoxMjAwMDAwMDAwMDAwLCJkZWxldGUiOjEyMDAwMDAwMDAwMDAsInJlYWQiOjYwMDAwMDAwMDAwMCwidXBkYXRlIjoxMjAwMDAwMDAwMDAwfX0="
        },
        {
          "index_key": "serviceusage.googleapis.com",
          "schema_version": 0,
          "attributes": {
            "check_if_service_has_usage_on_destroy": false,
            "disable_dependent_services": null,
            "disable_on_destroy": false,
            "id": "notebook-ai-app-33187/serviceusage.googleapis.com",
            "project": "notebook-ai-app-33187",
            "service": "serviceusage.googleapis.com",
            "timeouts": null
          },
          "sensitive_attributes": [],
          "private": "eyJlMmJmYjczMC1lY2FhLTExZTYtOGY4OC0zNDM2M2JjN2M0YzAiOnsiY3JlYXRlIjoxMjAwMDAwMDAwMDAwLCJkZWxldGUiOjEyMDAwMDAwMDAwMDAsInJlYWQiOjYwMDAwMDAwMDAwMCwidXBkYXRlIjoxMjAwMDAwMDAwMDAwfX0="
        }
      ]
    },
    {
      "mode": "managed",
      "type": "google_service_usage_consumer_quota_override",
      "name": "generativelanguage",
      "provider": "provider[\"registry.terraform.io/hashicorp/google-beta\"]",
      "instances": [
        {
          "schema_version": 0,
          "attributes": {
            "dimensions": null,
            "force": true,
            "id": "projects/notebook-ai-app-33187/services/generativelanguage.googleapis.com/consumerQuotaMetrics/generativelanguage.googleapis.com%2Fgenerate_requests_per_model/limits/%2Fmin%2Fmodel%2Fproject/consumerOverrides/Cg1RdW90YU92ZXJyaWRl",
            "limit": "%2Fmin%2Fmodel%2Fproject",
            "metric": "generativelanguage.googleapis.com%2Fgenerate_requests_per_model",
            "name": "Cg1RdW90YU92ZXJyaWRl",
            "override_value": "10",
            "project": "notebook-ai-app-33187",
            "service": "generativelanguage.googleapis.com",
            "timeouts": null
          },
          "sensitive_attributes": [],
          "private": "eyJlMmJmYjczMC1lY2FhLTExZTYtOGY4OC0zNDM2M2JjN2M0YzAiOnsiY3JlYXRlIjoxMjAwMDAwMDAwMDAwLCJkZWxldGUiOjEyMDAwMDAwMDAwMDAsInVwZGF0ZSI6MTIwMDAwMDAwMDAwMH19",
          "dependencies": [
            "google_project_service.services"
          ]
        }
      ]
    },
    {
      "mode": "managed",
      "type": "local_file",
      "name": "environment_ts",
      "provider": "provider[\"registry.terraform.io/hashicorp/local\"]",
      "instances": [
        {
          "schema_version": 0,
          "attributes": {
            "content": "export const environment = {\n  firebase: {\n      apiKey: 'AIzaSyDwlDnuT0FS0Y8XIMotGzN_LOE7bsvwoew',\n      authDomain: 'notebook-ai-app-33187.firebaseapp.com',\n      databaseURL: '',\n      projectId: 'notebook-ai-app-33187',\n      storageBucket: 'notebook-ai-app-33187.firebasestorage.app',\n      messagingSenderId: '582872056632',\n      appId: '1:582872056632:web:55c5eb058743cb446c77cd',\n      measurementId: '',\n  },\n  gemini_api_key: 'AIzaSyDLGZPm0-mrOKah2wtZ3dxx7lfxuIDL2oM',\n  debug_token: ''\n};",
            "content_base64": null,
            "content_base64sha256": "HTW25OG2UAaOkhtUx/1W9YGVit0rUTFEkFTFgEdBZW4=",
            "content_base64sha512": "ieUHaTMzxOgMQWO3ejO6ngSVlf0Va20X4m37+in/vkw+ay4TCUK6OPwevjfbBKJQWhN06BXuMu9Vp3VS5n9P7A==",
            "content_md5": "78b6096cd4b4d38f63434d30cd12f0ee",
            "content_sha1": "69cadb4c49018972da6b13378e4516fa8364386a",
            "content_sha256": "1d35b6e4e1b650068e921b54c7fd56f581958add2b5131449054c5804741656e",
            "content_sha512": "89e507693333c4e80c4163b77a33ba9e049595fd156b6d17e26dfbfa29ffbe4c3e6b2e130942ba38fc1ebe37db04a2505a1374e815ee32ef55a77552e67f4fec",
            "directory_permission": "0777",
            "file_permission": "0777",
            "filename": "./src/environments/environments.ts",
            "id": "69cadb4c49018972da6b13378e4516fa8364386a",
            "sensitive_content": null,
            "source": null
          },
          "sensitive_attributes": [
            [
              {
                "type": "get_attr",
                "value": "content"
              }
            ]
          ],
          "dependencies": [
            "data.google_firebase_web_app_config.example",
            "data.google_project.project",
            "google_apikeys_key.generativelanguage",
            "google_firebase_web_app.example",
            "google_project_service.services"
          ]
        }
      ]
    },
    {
      "mode": "managed",
      "type": "local_file",
      "name": "firebaserc",
      "provider": "provider[\"registry.terraform.io/hashicorp/local\"]",
      "instances": [
        {
          "schema_version": 0,
          "attributes": {
            "content": "{\"projects\":{\"default\":\"notebook-ai-app-33187\"}}",
            "content_base64": null,
            "content_base64sha256": "ZSGsUB/qe2mwXcH8PMuRQAvNcSDRo5wd3wDCpRxwC3U=",
            "content_base64sha512": "FRg/nTvlFrPtujSKjcn0QC0I4yUOOZBv7sUrvMOqwP+aaEwmdoE9c/+zabvj8kBE5RwbuZ924ImoaQhAmfNrIQ==",
            "content_md5": "c15c2861ea5224a009965126cfd8abeb",
            "content_sha1": "38134192cf8a60e37dc18b9ee16bfd08106c3e80",
            "content_sha256": "6521ac501fea7b69b05dc1fc3ccb91400bcd7120d1a39c1ddf00c2a51c700b75",
            "content_sha512": "15183f9d3be516b3edba348a8dc9f4402d08e3250e39906feec52bbcc3aac0ff9a684c2676813d73ffb369bbe3f24044e51c1bb99f76e089a869084099f36b21",
            "directory_permission": "0777",
            "file_permission": "0777",
            "filename": "./.firebaserc",
            "id": "38134192cf8a60e37dc18b9ee16bfd08106c3e80",
            "sensitive_content": null,
            "source": null
          },
          "sensitive_attributes": []
        }
      ]
    },
    {
      "mode": "managed",
      "type": "local_file",
      "name": "firestore_rules",
      "provider": "provider[\"registry.terraform.io/hashicorp/local\"]",
      "instances": [
        {
          "schema_version": 0,
          "attributes": {
            "content": "service cloud.firestore {\n  match /databases/{database}/documents/{document=**} {\n    allow read, write: if request.auth != null \u0026\u0026 request.time \u003c timestamp.date(2025, 6, 3);\n  }\n}\n",
            "content_base64": null,
            "content_base64sha256": "kB6Zbe1B2n9rpD/zpQI+yIMmQ3RbrTVYZwVwSczdZDI=",
            "content_base64sha512": "wNwXkmCoiF0Uw357VsyGWKaLJCs/0f89zU7QcacEdHbSGaUdyRA2L91oDKu2AWsuwu0BafiFbeczr+Ankvk6nw==",
            "content_md5": "8251d218f48ab9896aea2853dd9b0757",
            "content_sha1": "62265b6446cdc50cf12f4e49af34fedbbd672609",
            "content_sha256": "901e996ded41da7f6ba43ff3a5023ec8832643745bad355867057049ccdd6432",
            "content_sha512": "c0dc179260a8885d14c37e7b56cc8658a68b242b3fd1ff3dcd4ed071a7047476d219a51dc910362fdd680cabb6016b2ec2ed0169f8856de733afe02792f93a9f",
            "directory_permission": "0777",
            "file_permission": "0777",
            "filename": "./firestore.rules",
            "id": "62265b6446cdc50cf12f4e49af34fedbbd672609",
            "sensitive_content": null,
            "source": null
          },
          "sensitive_attributes": []
        }
      ]
    }
  ],
  "check_results": null
}
